# THIS IS AN AUTOGENERATED FILE. DO NOT EDIT THIS FILE DIRECTLY.
# yarn lockfile v1


"@types/node@^20.4.2":
  "integrity" "sha512-Dd0BYtWgnWJKwO1jkmTrzofjK2QXXcai0dmtzvIBhcA+RsG5h8R3xlyta0kGOZRNfL9GuRtb1knmPEhQrePCEw=="
  "resolved" "https://registry.npmjs.org/@types/node/-/node-20.4.2.tgz"
  "version" "20.4.2"

"itertools@^2.1.2":
  "integrity" "sha512-NySaJiB+ikC4gDIMMv5pWNcT1FvJavz0TAcinb/+jKmVXs1EbkhY5WcrZS7Se2FvGNz7zI1pUhBJ6ImX3zXuHg=="
  "resolved" "https://registry.npmjs.org/itertools/-/itertools-2.1.2.tgz"
  "version" "2.1.2"

"tslib@^2.6.0":
  "integrity" "sha512-7At1WUettjcSRHXCyYtTselblcHl9PJFFVKiCAy/bY97+BPZXSQ2wbq0P9s8tK2G7dFQfNnlJnPAiArVBVBsfA=="
  "resolved" "https://registry.npmjs.org/tslib/-/tslib-2.6.0.tgz"
  "version" "2.6.0"

"typescript@^5.1.6":
  "integrity" "sha512-zaWCozRZ6DLEWAWFrVDz1H6FVXzUSfTy5FUMWsQlU8Ym5JP9eO4xkTIROFCQvhQf61z6O/G6ugw3SgAnvvm+HA=="
  "resolved" "https://registry.npmjs.org/typescript/-/typescript-5.1.6.tgz"
  "version" "5.1.6"
